PODS:
  - AdMobMentaAdapter (1.0.34):
    - Google-Mobile-Ads-SDK (>= 12.0)
    - MentaBaseGlobal (= 1.0.34)
    - MentaMediationGlobal (= 1.0.34)
    - MentaVlionGlobal (= 1.0.34)
    - MentaVlionGlobalAdapter (= 1.0.34)
  - Google-Mobile-Ads-SDK (12.14.0):
    - GoogleUserMessagingPlatform (>= 1.1)
  - GoogleUserMessagingPlatform (3.1.0)
  - MentaBaseGlobal (1.0.34)
  - MentaMediationGlobal (1.0.34):
    - MentaBaseGlobal (~> 1.0.34)
  - MentaVlionGlobal (1.0.34):
    - MentaBaseGlobal (~> 1.0.34)
  - MentaVlionGlobalAdapter (1.0.34):
    - MentaMediationGlobal (~> 1.0.34)
    - MentaVlionGlobal (~> 1.0.34)

DEPENDENCIES:
  - AdMobMentaAdapter (from `../adapters/Menta`)
  - Google-Mobile-Ads-SDK (~> 12.9)

SPEC REPOS:
  trunk:
    - Google-Mobile-Ads-SDK
    - GoogleUserMessagingPlatform
    - MentaBaseGlobal
    - MentaMediationGlobal
    - MentaVlionGlobal
    - MentaVlionGlobalAdapter

EXTERNAL SOURCES:
  AdMobMentaAdapter:
    :path: "../adapters/Menta"

SPEC CHECKSUMS:
  AdMobMentaAdapter: ae8218d046d2e721bcb1714163c06943ffa2eb17
  Google-Mobile-Ads-SDK: 4534fd2dfcd3f705c5485a6633c5188d03d4eed2
  GoogleUserMessagingPlatform: befe603da6501006420c206222acd449bba45a9c
  MentaBaseGlobal: 61263e8960edbf5ce38be672ba6276db5a32aa72
  MentaMediationGlobal: d4b56f4e9574e792ac58ed9ab88ba8ad6e622419
  MentaVlionGlobal: 601eec3c4c04f6b19c43158357cbe8e663f6e0c6
  MentaVlionGlobalAdapter: 4f11402ed27f611cc4e18e28b347c4e9b3168332

PODFILE CHECKSUM: ac46ae6d454dacf424782fd674a69739316b0a6e

COCOAPODS: 1.16.2
